schema: '2.0'
stages:
  simulate_experiments:
    cmd: python simulate.py
    deps:
    - path: params.yml
      hash: md5
      md5: 11b54c118c78dbc5b1edfd01a9443acb
      size: 461
    - path: simulate.py
      hash: md5
      md5: c817871d95d720ed2c304034a5c874d6
      size: 2848
    - path: src/simulate.py
      hash: md5
      md5: 1269c545578222148914ec76f30e5b24
      size: 3786
    outs:
    - path: experiments/
      hash: md5
      md5: bed9ecc315b81a7c324d3e961e64d7f3.dir
      size: 11217923
      nfiles: 3
  evaluate_methods:
    cmd: python evaluate.py
    deps:
    - path: evaluate.py
      hash: md5
      md5: 88920392fae7da259375c34bd5636fa2
      size: 4929
    - path: experiments/
      hash: md5
      md5: bed9ecc315b81a7c324d3e961e64d7f3.dir
      size: 11217923
      nfiles: 3
    - path: src/evaluate.py
      hash: md5
      md5: 5678478ce730137c615ced007cdb7564
      size: 3173
    outs:
    - path: results/
      hash: md5
      md5: 6718d847dcf3dee979674cef9344d671.dir
      size: 805724
      nfiles: 3
  generate_plots:
    cmd: python plot.py
    deps:
    - path: plot.py
      hash: md5
      md5: 870ab32ee2aa07b8da42e69d51356296
      size: 6887
    - path: results/
      hash: md5
      md5: 6718d847dcf3dee979674cef9344d671.dir
      size: 805724
      nfiles: 3
    outs:
    - path: plots/
      hash: md5
      md5: 4dc0f1d61324a728ad080a9b00dc8dc3.dir
      size: 1375245
      nfiles: 5
