schema: '2.0'
stages:
  simulate_experiments:
    cmd: python simulate.py
    deps:
    - path: params.yml
      hash: md5
      md5: 5a2d51a128ddcc7059d87179d92ed673
      size: 461
    - path: simulate.py
      hash: md5
      md5: c817871d95d720ed2c304034a5c874d6
      size: 2848
    - path: src/simulate.py
      hash: md5
      md5: 1269c545578222148914ec76f30e5b24
      size: 3786
    outs:
    - path: experiments/
      hash: md5
      md5: a085c8c1368763acf0bd9baf5dced4b1.dir
      size: 11217961
      nfiles: 3
  evaluate_methods:
    cmd: python evaluate.py
    deps:
    - path: evaluate.py
      hash: md5
      md5: 88920392fae7da259375c34bd5636fa2
      size: 4929
    - path: experiments/
      hash: md5
      md5: a085c8c1368763acf0bd9baf5dced4b1.dir
      size: 11217961
      nfiles: 3
    - path: src/evaluate.py
      hash: md5
      md5: 5678478ce730137c615ced007cdb7564
      size: 3173
    outs:
    - path: results/
      hash: md5
      md5: a1d4a0c8e100f597c0f0dbd02f5ae903.dir
      size: 805726
      nfiles: 3
  generate_plots:
    cmd: python plot.py
    deps:
    - path: plot.py
      hash: md5
      md5: 870ab32ee2aa07b8da42e69d51356296
      size: 6887
    - path: results/
      hash: md5
      md5: a1d4a0c8e100f597c0f0dbd02f5ae903.dir
      size: 805726
      nfiles: 3
    outs:
    - path: plots/
      hash: md5
      md5: 95ead0645f527dfa1a3ad8979eaa491c.dir
      size: 1291330
      nfiles: 5
